// !$*UTF8*$!
{
	archiveVersion = 1;
	classes = {
	};
	objectVersion = 77;
	objects = {

/* Begin PBXContainerItemProxy section */
		C953A0EB2D5A5B57005ABD7A /* PBXContainerItemProxy */ = {
			isa = PBXContainerItemProxy;
			containerPortal = C953A0D22D5A5B55005ABD7A /* Project object */;
			proxyType = 1;
			remoteGlobalIDString = C953A0D92D5A5B55005ABD7A;
			remoteInfo = testingFlutter;
		};
		C953A0F52D5A5B57005ABD7A /* PBXContainerItemProxy */ = {
			isa = PBXContainerItemProxy;
			containerPortal = C953A0D22D5A5B55005ABD7A /* Project object */;
			proxyType = 1;
			remoteGlobalIDString = C953A0D92D5A5B55005ABD7A;
			remoteInfo = testingFlutter;
		};
/* End PBXContainerItemProxy section */

/* Begin PBXFileReference section */
		C953A0DA2D5A5B55005ABD7A /* testingFlutter.app */ = {isa = PBXFileReference; explicitFileType = wrapper.application; includeInIndex = 0; path = testingFlutter.app; sourceTree = BUILT_PRODUCTS_DIR; };
		C953A0EA2D5A5B57005ABD7A /* testingFlutterTests.xctest */ = {isa = PBXFileReference; explicitFileType = wrapper.cfbundle; includeInIndex = 0; path = testingFlutterTests.xctest; sourceTree = BUILT_PRODUCTS_DIR; };
		C953A0F42D5A5B57005ABD7A /* testingFlutterUITests.xctest */ = {isa = PBXFileReference; explicitFileType = wrapper.cfbundle; includeInIndex = 0; path = testingFlutterUITests.xctest; sourceTree = BUILT_PRODUCTS_DIR; };
/* End PBXFileReference section */

/* Begin PBXFileSystemSynchronizedRootGroup section */
		C953A0DC2D5A5B55005ABD7A /* testingFlutter */ = {
			isa = PBXFileSystemSynchronizedRootGroup;
			path = testingFlutter;
			sourceTree = "<group>";
		};
		C953A0ED2D5A5B57005ABD7A /* testingFlutterTests */ = {
			isa = PBXFileSystemSynchronizedRootGroup;
			path = testingFlutterTests;
			sourceTree = "<group>";
		};
		C953A0F72D5A5B57005ABD7A /* testingFlutterUITests */ = {
			isa = PBXFileSystemSynchronizedRootGroup;
			path = testingFlutterUITests;
			sourceTree = "<group>";
		};
/* End PBXFileSystemSynchronizedRootGroup section */

/* Begin PBXFrameworksBuildPhase section */
		C953A0D72D5A5B55005ABD7A /* Frameworks */ = {
			isa = PBXFrameworksBuildPhase;
			buildActionMask = 2147483647;
			files = (
			);
			runOnlyForDeploymentPostprocessing = 0;
		};
		C953A0E72D5A5B57005ABD7A /* Frameworks */ = {
			isa = PBXFrameworksBuildPhase;
			buildActionMask = 2147483647;
			files = (
			);
			runOnlyForDeploymentPostprocessing = 0;
		};
		C953A0F12D5A5B57005ABD7A /* Frameworks */ = {
			isa = PBXFrameworksBuildPhase;
			buildActionMask = 2147483647;
			files = (
			);
			runOnlyForDeploymentPostprocessing = 0;
		};
/* End PBXFrameworksBuildPhase section */

/* Begin PBXGroup section */
		C953A0D12D5A5B55005ABD7A = {
			isa = PBXGroup;
			children = (
				C953A0DC2D5A5B55005ABD7A /* testingFlutter */,
				C953A0ED2D5A5B57005ABD7A /* testingFlutterTests */,
				C953A0F72D5A5B57005ABD7A /* testingFlutterUITests */,
				C953A0DB2D5A5B55005ABD7A /* Products */,
			);
			sourceTree = "<group>";
		};
		C953A0DB2D5A5B55005ABD7A /* Products */ = {
			isa = PBXGroup;
			children = (
				C953A0DA2D5A5B55005ABD7A /* testingFlutter.app */,
				C953A0EA2D5A5B57005ABD7A /* testingFlutterTests.xctest */,
				C953A0F42D5A5B57005ABD7A /* testingFlutterUITests.xctest */,
			);
			name = Products;
			sourceTree = "<group>";
		};
/* End PBXGroup section */

/* Begin PBXNativeTarget section */
		C953A0D92D5A5B55005ABD7A /* testingFlutter */ = {
			isa = PBXNativeTarget;
			buildConfigurationList = C953A0FE2D5A5B57005ABD7A /* Build configuration list for PBXNativeTarget "testingFlutter" */;
			buildPhases = (
				C953A0D62D5A5B55005ABD7A /* Sources */,
				C953A0D72D5A5B55005ABD7A /* Frameworks */,
				C953A0D82D5A5B55005ABD7A /* Resources */,
			);
			buildRules = (
			);
			dependencies = (
			);
			fileSystemSynchronizedGroups = (
				C953A0DC2D5A5B55005ABD7A /* testingFlutter */,
			);
			name = testingFlutter;
			packageProductDependencies = (
			);
			productName = testingFlutter;
			productReference = C953A0DA2D5A5B55005ABD7A /* testingFlutter.app */;
			productType = "com.apple.product-type.application";
		};
		C953A0E92D5A5B57005ABD7A /* testingFlutterTests */ = {
			isa = PBXNativeTarget;
			buildConfigurationList = C953A1012D5A5B57005ABD7A /* Build configuration list for PBXNativeTarget "testingFlutterTests" */;
			buildPhases = (
				C953A0E62D5A5B57005ABD7A /* Sources */,
				C953A0E72D5A5B57005ABD7A /* Frameworks */,
				C953A0E82D5A5B57005ABD7A /* Resources */,
			);
			buildRules = (
			);
			dependencies = (
				C953A0EC2D5A5B57005ABD7A /* PBXTargetDependency */,
			);
			fileSystemSynchronizedGroups = (
				C953A0ED2D5A5B57005ABD7A /* testingFlutterTests */,
			);
			name = testingFlutterTests;
			packageProductDependencies = (
			);
			productName = testingFlutterTests;
			productReference = C953A0EA2D5A5B57005ABD7A /* testingFlutterTests.xctest */;
			productType = "com.apple.product-type.bundle.unit-test";
		};
		C953A0F32D5A5B57005ABD7A /* testingFlutterUITests */ = {
			isa = PBXNativeTarget;
			buildConfigurationList = C953A1042D5A5B57005ABD7A /* Build configuration list for PBXNativeTarget "testingFlutterUITests" */;
			buildPhases = (
				C953A0F02D5A5B57005ABD7A /* Sources */,
				C953A0F12D5A5B57005ABD7A /* Frameworks */,
				C953A0F22D5A5B57005ABD7A /* Resources */,
			);
			buildRules = (
			);
			dependencies = (
				C953A0F62D5A5B57005ABD7A /* PBXTargetDependency */,
			);
			fileSystemSynchronizedGroups = (
				C953A0F72D5A5B57005ABD7A /* testingFlutterUITests */,
			);
			name = testingFlutterUITests;
			packageProductDependencies = (
			);
			productName = testingFlutterUITests;
			productReference = C953A0F42D5A5B57005ABD7A /* testingFlutterUITests.xctest */;
			productType = "com.apple.product-type.bundle.ui-testing";
		};
/* End PBXNativeTarget section */

/* Begin PBXProject section */
		C953A0D22D5A5B55005ABD7A /* Project object */ = {
			isa = PBXProject;
			attributes = {
				BuildIndependentTargetsInParallel = 1;
				LastSwiftUpdateCheck = 1620;
				LastUpgradeCheck = 1620;
				TargetAttributes = {
					C953A0D92D5A5B55005ABD7A = {
						CreatedOnToolsVersion = 16.2;
					};
					C953A0E92D5A5B57005ABD7A = {
						CreatedOnToolsVersion = 16.2;
						TestTargetID = C953A0D92D5A5B55005ABD7A;
					};
					C953A0F32D5A5B57005ABD7A = {
						CreatedOnToolsVersion = 16.2;
						TestTargetID = C953A0D92D5A5B55005ABD7A;
					};
				};
			};
			buildConfigurationList = C953A0D52D5A5B55005ABD7A /* Build configuration list for PBXProject "testingFlutter" */;
			developmentRegion = en;
			hasScannedForEncodings = 0;
			knownRegions = (
				en,
				Base,
			);
			mainGroup = C953A0D12D5A5B55005ABD7A;
			minimizedProjectReferenceProxies = 1;
			preferredProjectObjectVersion = 77;
			productRefGroup = C953A0DB2D5A5B55005ABD7A /* Products */;
			projectDirPath = "";
			projectRoot = "";
			targets = (
				C953A0D92D5A5B55005ABD7A /* testingFlutter */,
				C953A0E92D5A5B57005ABD7A /* testingFlutterTests */,
				C953A0F32D5A5B57005ABD7A /* testingFlutterUITests */,
			);
		};
/* End PBXProject section */

/* Begin PBXResourcesBuildPhase section */
		C953A0D82D5A5B55005ABD7A /* Resources */ = {
			isa = PBXResourcesBuildPhase;
			buildActionMask = 2147483647;
			files = (
			);
			runOnlyForDeploymentPostprocessing = 0;
		};
		C953A0E82D5A5B57005ABD7A /* Resources */ = {
			isa = PBXResourcesBuildPhase;
			buildActionMask = 2147483647;
			files = (
			);
			runOnlyForDeploymentPostprocessing = 0;
		};
		C953A0F22D5A5B57005ABD7A /* Resources */ = {
			isa = PBXResourcesBuildPhase;
			buildActionMask = 2147483647;
			files = (
			);
			runOnlyForDeploymentPostprocessing = 0;
		};
/* End PBXResourcesBuildPhase section */

/* Begin PBXSourcesBuildPhase section */
		C953A0D62D5A5B55005ABD7A /* Sources */ = {
			isa = PBXSourcesBuildPhase;
			buildActionMask = 2147483647;
			files = (
			);
			runOnlyForDeploymentPostprocessing = 0;
		};
		C953A0E62D5A5B57005ABD7A /* Sources */ = {
			isa = PBXSourcesBuildPhase;
			buildActionMask = 2147483647;
			files = (
			);
			runOnlyForDeploymentPostprocessing = 0;
		};
		C953A0F02D5A5B57005ABD7A /* Sources */ = {
			isa = PBXSourcesBuildPhase;
			buildActionMask = 2147483647;
			files = (
			);
			runOnlyForDeploymentPostprocessing = 0;
		};
/* End PBXSourcesBuildPhase section */

/* Begin PBXTargetDependency section */
		C953A0EC2D5A5B57005ABD7A /* PBXTargetDependency */ = {
			isa = PBXTargetDependency;
			target = C953A0D92D5A5B55005ABD7A /* testingFlutter */;
			targetProxy = C953A0EB2D5A5B57005ABD7A /* PBXContainerItemProxy */;
		};
		C953A0F62D5A5B57005ABD7A /* PBXTargetDependency */ = {
			isa = PBXTargetDependency;
			target = C953A0D92D5A5B55005ABD7A /* testingFlutter */;
			targetProxy = C953A0F52D5A5B57005ABD7A /* PBXContainerItemProxy */;
		};
/* End PBXTargetDependency section */

/* Begin XCBuildConfiguration section */
		C953A0FC2D5A5B57005ABD7A /* Debug */ = {
			isa = XCBuildConfiguration;
			buildSettings = {
				ALWAYS_SEARCH_USER_PATHS = NO;
				ASSETCATALOG_COMPILER_GENERATE_SWIFT_ASSET_SYMBOL_EXTENSIONS = YES;
				CLANG_ANALYZER_NONNULL = YES;
				CLANG_ANALYZER_NUMBER_OBJECT_CONVERSION = YES_AGGRESSIVE;
				CLANG_CXX_LANGUAGE_STANDARD = "gnu++20";
				CLANG_ENABLE_MODULES = YES;
				CLANG_ENABLE_OBJC_ARC = YES;
				CLANG_ENABLE_OBJC_WEAK = YES;
				CLANG_WARN_BLOCK_CAPTURE_AUTORELEASING = YES;
				CLANG_WARN_BOOL_CONVERSION = YES;
				CLANG_WARN_COMMA = YES;
				CLANG_WARN_CONSTANT_CONVERSION = YES;
				CLANG_WARN_DEPRECATED_OBJC_IMPLEMENTATIONS = YES;
				CLANG_WARN_DIRECT_OBJC_ISA_USAGE = YES_ERROR;
				CLANG_WARN_DOCUMENTATION_COMMENTS = YES;
				CLANG_WARN_EMPTY_BODY = YES;
				CLANG_WARN_ENUM_CONVERSION = YES;
				CLANG_WARN_INFINITE_RECURSION = YES;
				CLANG_WARN_INT_CONVERSION = YES;
				CLANG_WARN_NON_LITERAL_NULL_CONVERSION = YES;
				CLANG_WARN_OBJC_IMPLICIT_RETAIN_SELF = YES;
				CLANG_WARN_OBJC_LITERAL_CONVERSION = YES;
				CLANG_WARN_OBJC_ROOT_CLASS = YES_ERROR;
				CLANG_WARN_QUOTED_INCLUDE_IN_FRAMEWORK_HEADER = YES;
				CLANG_WARN_RANGE_LOOP_ANALYSIS = YES;
				CLANG_WARN_STRICT_PROTOTYPES = YES;
				CLANG_WARN_SUSPICIOUS_MOVE = YES;
				CLANG_WARN_UNGUARDED_AVAILABILITY = YES_AGGRESSIVE;
				CLANG_WARN_UNREACHABLE_CODE = YES;
				CLANG_WARN__DUPLICATE_METHOD_MATCH = YES;
				COPY_PHASE_STRIP = NO;
				DEBUG_INFORMATION_FORMAT = dwarf;
				ENABLE_STRICT_OBJC_MSGSEND = YES;
				ENABLE_TESTABILITY = YES;
				ENABLE_USER_SCRIPT_SANDBOXING = YES;
				GCC_C_LANGUAGE_STANDARD = gnu17;
				GCC_DYNAMIC_NO_PIC = NO;
				GCC_NO_COMMON_BLOCKS = YES;
				GCC_OPTIMIZATION_LEVEL = 0;
				GCC_PREPROCESSOR_DEFINITIONS = (
					"DEBUG=1",
					"$(inherited)",
				);
				GCC_WARN_64_TO_32_BIT_CONVERSION = YES;
				GCC_WARN_ABOUT_RETURN_TYPE = YES_ERROR;
				GCC_WARN_UNDECLARED_SELECTOR = YES;
				GCC_WARN_UNINITIALIZED_AUTOS = YES_AGGRESSIVE;
				GCC_WARN_UNUSED_FUNCTION = YES;
				GCC_WARN_UNUSED_VARIABLE = YES;
				IPHONEOS_DEPLOYMENT_TARGET = 18.2;
				LOCALIZATION_PREFERS_STRING_CATALOGS = YES;
				MTL_ENABLE_DEBUG_INFO = INCLUDE_SOURCE;
				MTL_FAST_MATH = YES;
				ONLY_ACTIVE_ARCH = YES;
				SDKROOT = iphoneos;
				SWIFT_ACTIVE_COMPILATION_CONDITIONS = "DEBUG $(inherited)";
				SWIFT_OPTIMIZATION_LEVEL = "-Onone";
			};
			name = Debug;
		};
		C953A0FD2D5A5B57005ABD7A /* Release */ = {
			isa = XCBuildConfiguration;
			buildSettings = {
				ALWAYS_SEARCH_USER_PATHS = NO;
				ASSETCATALOG_COMPILER_GENERATE_SWIFT_ASSET_SYMBOL_EXTENSIONS = YES;
				CLANG_ANALYZER_NONNULL = YES;
				CLANG_ANALYZER_NUMBER_OBJECT_CONVERSION = YES_AGGRESSIVE;
				CLANG_CXX_LANGUAGE_STANDARD = "gnu++20";
				CLANG_ENABLE_MODULES = YES;
				CLANG_ENABLE_OBJC_ARC = YES;
				CLANG_ENABLE_OBJC_WEAK = YES;
				CLANG_WARN_BLOCK_CAPTURE_AUTORELEASING = YES;
				CLANG_WARN_BOOL_CONVERSION = YES;
				CLANG_WARN_COMMA = YES;
				CLANG_WARN_CONSTANT_CONVERSION = YES;
				CLANG_WARN_DEPRECATED_OBJC_IMPLEMENTATIONS = YES;
				CLANG_WARN_DIRECT_OBJC_ISA_USAGE = YES_ERROR;
				CLANG_WARN_DOCUMENTATION_COMMENTS = YES;
				CLANG_WARN_EMPTY_BODY = YES;
				CLANG_WARN_ENUM_CONVERSION = YES;
				CLANG_WARN_INFINITE_RECURSION = YES;
				CLANG_WARN_INT_CONVERSION = YES;
				CLANG_WARN_NON_LITERAL_NULL_CONVERSION = YES;
				CLANG_WARN_OBJC_IMPLICIT_RETAIN_SELF = YES;
				CLANG_WARN_OBJC_LITERAL_CONVERSION = YES;
				CLANG_WARN_OBJC_ROOT_CLASS = YES_ERROR;
				CLANG_WARN_QUOTED_INCLUDE_IN_FRAMEWORK_HEADER = YES;
				CLANG_WARN_RANGE_LOOP_ANALYSIS = YES;
				CLANG_WARN_STRICT_PROTOTYPES = YES;
				CLANG_WARN_SUSPICIOUS_MOVE = YES;
				CLANG_WARN_UNGUARDED_AVAILABILITY = YES_AGGRESSIVE;
				CLANG_WARN_UNREACHABLE_CODE = YES;
				CLANG_WARN__DUPLICATE_METHOD_MATCH = YES;
				COPY_PHASE_STRIP = NO;
				DEBUG_INFORMATION_FORMAT = "dwarf-with-dsym";
				ENABLE_NS_ASSERTIONS = NO;
				ENABLE_STRICT_OBJC_MSGSEND = YES;
				ENABLE_USER_SCRIPT_SANDBOXING = YES;
				GCC_C_LANGUAGE_STANDARD = gnu17;
				GCC_NO_COMMON_BLOCKS = YES;
				GCC_WARN_64_TO_32_BIT_CONVERSION = YES;
				GCC_WARN_ABOUT_RETURN_TYPE = YES_ERROR;
				GCC_WARN_UNDECLARED_SELECTOR = YES;
				GCC_WARN_UNINITIALIZED_AUTOS = YES_AGGRESSIVE;
				GCC_WARN_UNUSED_FUNCTION = YES;
				GCC_WARN_UNUSED_VARIABLE = YES;
				IPHONEOS_DEPLOYMENT_TARGET = 18.2;
				LOCALIZATION_PREFERS_STRING_CATALOGS = YES;
				MTL_ENABLE_DEBUG_INFO = NO;
				MTL_FAST_MATH = YES;
				SDKROOT = iphoneos;
				SWIFT_COMPILATION_MODE = wholemodule;
				VALIDATE_PRODUCT = YES;
			};
			name = Release;
		};
		C953A0FF2D5A5B57005ABD7A /* Debug */ = {
			isa = XCBuildConfiguration;
			buildSettings = {
				ASSETCATALOG_COMPILER_APPICON_NAME = AppIcon;
				ASSETCATALOG_COMPILER_GLOBAL_ACCENT_COLOR_NAME = AccentColor;
				CODE_SIGN_STYLE = Automatic;
				CURRENT_PROJECT_VERSION = 1;
				DEVELOPMENT_ASSET_PATHS = "\"testingFlutter/Preview Content\"";
				ENABLE_PREVIEWS = YES;
				GENERATE_INFOPLIST_FILE = YES;
				INFOPLIST_KEY_UIApplicationSceneManifest_Generation = YES;
				INFOPLIST_KEY_UIApplicationSupportsIndirectInputEvents = YES;
				INFOPLIST_KEY_UILaunchScreen_Generation = YES;
				INFOPLIST_KEY_UISupportedInterfaceOrientations_iPad = "UIInterfaceOrientationPortrait UIInterfaceOrientationPortraitUpsideDown UIInterfaceOrientationLandscapeLeft UIInterfaceOrientationLandscapeRight";
				INFOPLIST_KEY_UISupportedInterfaceOrientations_iPhone = "UIInterfaceOrientationPortrait UIInterfaceOrientationLandscapeLeft UIInterfaceOrientationLandscapeRight";
				LD_RUNPATH_SEARCH_PATHS = (
					"$(inherited)",
					"@executable_path/Frameworks",
				);
				MARKETING_VERSION = 1.0;
				PRODUCT_BUNDLE_IDENTIFIER = matt.com.testingFlutter;
				PRODUCT_NAME = "$(TARGET_NAME)";
				SWIFT_EMIT_LOC_STRINGS = YES;
				SWIFT_VERSION = 5.0;
				TARGETED_DEVICE_FAMILY = "1,2";
			};
			name = Debug;
		};
		C953A1002D5A5B57005ABD7A /* Release */ = {
			isa = XCBuildConfiguration;
			buildSettings = {
				ASSETCATALOG_COMPILER_APPICON_NAME = AppIcon;
				ASSETCATALOG_COMPILER_GLOBAL_ACCENT_COLOR_NAME = AccentColor;
				CODE_SIGN_STYLE = Automatic;
				CURRENT_PROJECT_VERSION = 1;
				DEVELOPMENT_ASSET_PATHS = "\"testingFlutter/Preview Content\"";
				ENABLE_PREVIEWS = YES;
				GENERATE_INFOPLIST_FILE = YES;
				INFOPLIST_KEY_UIApplicationSceneManifest_Generation = YES;
				INFOPLIST_KEY_UIApplicationSupportsIndirectInputEvents = YES;
				INFOPLIST_KEY_UILaunchScreen_Generation = YES;
				INFOPLIST_KEY_UISupportedInterfaceOrientations_iPad = "UIInterfaceOrientationPortrait UIInterfaceOrientationPortraitUpsideDown UIInterfaceOrientationLandscapeLeft UIInterfaceOrientationLandscapeRight";
				INFOPLIST_KEY_UISupportedInterfaceOrientations_iPhone = "UIInterfaceOrientationPortrait UIInterfaceOrientationLandscapeLeft UIInterfaceOrientationLandscapeRight";
				LD_RUNPATH_SEARCH_PATHS = (
					"$(inherited)",
					"@executable_path/Frameworks",
				);
				MARKETING_VERSION = 1.0;
				PRODUCT_BUNDLE_IDENTIFIER = matt.com.testingFlutter;
				PRODUCT_NAME = "$(TARGET_NAME)";
				SWIFT_EMIT_LOC_STRINGS = YES;
				SWIFT_VERSION = 5.0;
				TARGETED_DEVICE_FAMILY = "1,2";
			};
			name = Release;
		};
		C953A1022D5A5B57005ABD7A /* Debug */ = {
			isa = XCBuildConfiguration;
			buildSettings = {
				BUNDLE_LOADER = "$(TEST_HOST)";
				CODE_SIGN_STYLE = Automatic;
				CURRENT_PROJECT_VERSION = 1;
				GENERATE_INFOPLIST_FILE = YES;
				IPHONEOS_DEPLOYMENT_TARGET = 18.2;
				MARKETING_VERSION = 1.0;
				PRODUCT_BUNDLE_IDENTIFIER = matt.com.testingFlutterTests;
				PRODUCT_NAME = "$(TARGET_NAME)";
				SWIFT_EMIT_LOC_STRINGS = NO;
				SWIFT_VERSION = 5.0;
				TARGETED_DEVICE_FAMILY = "1,2";
				TEST_HOST = "$(BUILT_PRODUCTS_DIR)/testingFlutter.app/$(BUNDLE_EXECUTABLE_FOLDER_PATH)/testingFlutter";
			};
			name = Debug;
		};
		C953A1032D5A5B57005ABD7A /* Release */ = {
			isa = XCBuildConfiguration;
			buildSettings = {
				BUNDLE_LOADER = "$(TEST_HOST)";
				CODE_SIGN_STYLE = Automatic;
				CURRENT_PROJECT_VERSION = 1;
				GENERATE_INFOPLIST_FILE = YES;
				IPHONEOS_DEPLOYMENT_TARGET = 18.2;
				MARKETING_VERSION = 1.0;
				PRODUCT_BUNDLE_IDENTIFIER = matt.com.testingFlutterTests;
				PRODUCT_NAME = "$(TARGET_NAME)";
				SWIFT_EMIT_LOC_STRINGS = NO;
				SWIFT_VERSION = 5.0;
				TARGETED_DEVICE_FAMILY = "1,2";
				TEST_HOST = "$(BUILT_PRODUCTS_DIR)/testingFlutter.app/$(BUNDLE_EXECUTABLE_FOLDER_PATH)/testingFlutter";
			};
			name = Release;
		};
		C953A1052D5A5B57005ABD7A /* Debug */ = {
			isa = XCBuildConfiguration;
			buildSettings = {
				CODE_SIGN_STYLE = Automatic;
				CURRENT_PROJECT_VERSION = 1;
				GENERATE_INFOPLIST_FILE = YES;
				MARKETING_VERSION = 1.0;
				PRODUCT_BUNDLE_IDENTIFIER = matt.com.testingFlutterUITests;
				PRODUCT_NAME = "$(TARGET_NAME)";
				SWIFT_EMIT_LOC_STRINGS = NO;
				SWIFT_VERSION = 5.0;
				TARGETED_DEVICE_FAMILY = "1,2";
				TEST_TARGET_NAME = testingFlutter;
			};
			name = Debug;
		};
		C953A1062D5A5B57005ABD7A /* Release */ = {
			isa = XCBuildConfiguration;
			buildSettings = {
				CODE_SIGN_STYLE = Automatic;
				CURRENT_PROJECT_VERSION = 1;
				GENERATE_INFOPLIST_FILE = YES;
				MARKETING_VERSION = 1.0;
				PRODUCT_BUNDLE_IDENTIFIER = matt.com.testingFlutterUITests;
				PRODUCT_NAME = "$(TARGET_NAME)";
				SWIFT_EMIT_LOC_STRINGS = NO;
				SWIFT_VERSION = 5.0;
				TARGETED_DEVICE_FAMILY = "1,2";
				TEST_TARGET_NAME = testingFlutter;
			};
			name = Release;
		};
/* End XCBuildConfiguration section */

/* Begin XCConfigurationList section */
		C953A0D52D5A5B55005ABD7A /* Build configuration list for PBXProject "testingFlutter" */ = {
			isa = XCConfigurationList;
			buildConfigurations = (
				C953A0FC2D5A5B57005ABD7A /* Debug */,
				C953A0FD2D5A5B57005ABD7A /* Release */,
			);
			defaultConfigurationIsVisible = 0;
			defaultConfigurationName = Release;
		};
		C953A0FE2D5A5B57005ABD7A /* Build configuration list for PBXNativeTarget "testingFlutter" */ = {
			isa = XCConfigurationList;
			buildConfigurations = (
				C953A0FF2D5A5B57005ABD7A /* Debug */,
				C953A1002D5A5B57005ABD7A /* Release */,
			);
			defaultConfigurationIsVisible = 0;
			defaultConfigurationName = Release;
		};
		C953A1012D5A5B57005ABD7A /* Build configuration list for PBXNativeTarget "testingFlutterTests" */ = {
			isa = XCConfigurationList;
			buildConfigurations = (
				C953A1022D5A5B57005ABD7A /* Debug */,
				C953A1032D5A5B57005ABD7A /* Release */,
			);
			defaultConfigurationIsVisible = 0;
			defaultConfigurationName = Release;
		};
		C953A1042D5A5B57005ABD7A /* Build configuration list for PBXNativeTarget "testingFlutterUITests" */ = {
			isa = XCConfigurationList;
			buildConfigurations = (
				C953A1052D5A5B57005ABD7A /* Debug */,
				C953A1062D5A5B57005ABD7A /* Release */,
			);
			defaultConfigurationIsVisible = 0;
			defaultConfigurationName = Release;
		};
/* End XCConfigurationList section */
	};
	rootObject = C953A0D22D5A5B55005ABD7A /* Project object */;
}
